
Microsoft Visual Studio Solution File, Format Version 12.00
# Visual Studio Version 17
VisualStudioVersion = 17.9.34622.214
MinimumVisualStudioVersion = 10.0.40219.1
Project("{9A19103F-16F7-4668-BE54-9A1E7A4F7556}") = "ASPFastApi", "ASPFastApi\ASPFastApi.csproj", "{302FCC7F-DA6C-463A-BDF7-731E9B5E3C12}"
EndProject
Project("{FAE04EC0-301F-11D3-BF4B-00C04F79EFBC}") = "AppTests", "AppTests\AppTests.csproj", "{CE015E34-D6D3-452B-81A9-41B2E8DCDA69}"
EndProject
Global
	GlobalSection(SolutionConfigurationPlatforms) = preSolution
		Debug|Any CPU = Debug|Any CPU
		Release|Any CPU = Release|Any CPU
	EndGlobalSection
	GlobalSection(ProjectConfigurationPlatforms) = postSolution
		{302FCC7F-DA6C-463A-BDF7-731E9B5E3C12}.Debug|Any CPU.ActiveCfg = Debug|Any CPU
		{302FCC7F-DA6C-463A-BDF7-731E9B5E3C12}.Debug|Any CPU.Build.0 = Debug|Any CPU
		{302FCC7F-DA6C-463A-BDF7-731E9B5E3C12}.Release|Any CPU.ActiveCfg = Release|Any CPU
		{302FCC7F-DA6C-463A-BDF7-731E9B5E3C12}.Release|Any CPU.Build.0 = Release|Any CPU
		{CE015E34-D6D3-452B-81A9-41B2E8DCDA69}.Debug|Any CPU.ActiveCfg = Debug|Any CPU
		{CE015E34-D6D3-452B-81A9-41B2E8DCDA69}.Debug|Any CPU.Build.0 = Debug|Any CPU
		{CE015E34-D6D3-452B-81A9-41B2E8DCDA69}.Release|Any CPU.ActiveCfg = Release|Any CPU
		{CE015E34-D6D3-452B-81A9-41B2E8DCDA69}.Release|Any CPU.Build.0 = Release|Any CPU
	EndGlobalSection
	GlobalSection(SolutionProperties) = preSolution
		HideSolutionNode = FALSE
	EndGlobalSection
	GlobalSection(ExtensibilityGlobals) = postSolution
		SolutionGuid = {C8975A7E-DF15-4072-8360-CF8D35739B3C}
	EndGlobalSection
EndGlobal
